# THIS IS AN AUTOGENERATED FILE. DO NOT EDIT THIS FILE DIRECTLY.
# yarn lockfile v1


"@depack/render@^1.3.4":
  version "1.3.4"
  resolved "https://registry.yarnpkg.com/@depack/render/-/render-1.3.4.tgz#f9931e745aa700ad3e5d13419b1e4222ff8f5a2c"
  integrity sha512-6DMJe/j/pyq0wc38UGY9dCIcqenSA9Pl+FiftPK3w6xGeCzi/Y1vlqKEpsEm2u1AgqZ/uXai9UHiGRZWZB2ggQ==

"@idio/dicer@^1.1.0":
  version "1.1.0"
  resolved "https://registry.yarnpkg.com/@idio/dicer/-/dicer-1.1.0.tgz#d58b177983935b22f72263c3e31145ea924c6a7d"
  integrity sha512-GWro5lIxHrQPWkNlUFi1IPBWR/bJT9HuJlhJTN5KA5oyRKgcDJRaB5Js9O1no1SDsAFxEVm6QT/pgOAgR03vRg==

"@idio/idio@^0.3.0":
  version "0.3.0"
  resolved "https://registry.yarnpkg.com/@idio/idio/-/idio-0.3.0.tgz#4fbd792b7494a8c956dbbc0308fa825117682ab2"
  integrity sha512-hDgWEsabqAq6paK+dZV0aWtpA6UpiiwYoaYB9PBYOMNnu7Rh57W1I2DI80fAyvbyA4qNCgLM5LFqMzLf263VXg==
  dependencies:
    mime-db "^1.42.0"

"@zoroaster/assert@^1.0.2":
  version "1.0.2"
  resolved "https://registry.yarnpkg.com/@zoroaster/assert/-/assert-1.0.2.tgz#8ffe2ebb10c81d570d4965080f942af688321a1f"
  integrity sha512-5C0LDzW8DkiSSCLyYO9ux3R5ru65yEn/GtxH1wh7ukRhLAZ/Svx4+A81YvciXcn35B2VmvCqyiTrhNdxdgusSw==

"@zoroaster/mask@^2.2.0":
  version "2.3.0"
  resolved "https://registry.yarnpkg.com/@zoroaster/mask/-/mask-2.3.0.tgz#57d169417e09e481efafccbffdd93cef919ec5e6"
  integrity sha512-fufal06pS/SYhOKHCmoFQ+PjhQwsCwMr2h0D2xeiVaXstaWHJVEiLg4+BU/KCmOOzLXLKikf81ca4zFXip7ScQ==

alamode@^3.0.0, alamode@^3.3.0:
  version "3.3.0"
  resolved "https://registry.yarnpkg.com/alamode/-/alamode-3.3.0.tgz#5a73ebb8eae847934f747d67c2680698061b7bbe"
  integrity sha512-/Xi0rZ0HAyobAIi8DJQMeFF3kRrr15PGuYRwvxmQaOqSO3WJgXOsmhL6sZQuvD/okZztzujMxMA+21WOD2rYyQ==

documentary@^1.35.8:
  version "1.35.8"
  resolved "https://registry.yarnpkg.com/documentary/-/documentary-1.35.8.tgz#17e86eeecdca6daa0c8058484e6ced78ce5e3199"
  integrity sha512-/V3Qs4oru12RFl0zif4TPmTcJ0whCnaWZxOsblpkzyFx7wZkWK9QTMGMz1C2Qv2aYVswMjV2BKQuE5UBHAsa6Q==
  dependencies:
    alamode "^3.3.0"
    preact "8.5.3"
    typal "^1.24.19"

eslint-config-artdeco@1.0.1:
  version "1.0.1"
  resolved "https://registry.yarnpkg.com/eslint-config-artdeco/-/eslint-config-artdeco-1.0.1.tgz#4451c9d0ed1ce4d33dfd43a6315f12c8bfb04274"
  integrity sha1-RFHJ0O0c5NM9/UOmMV8SyL+wQnQ=

mime-db@^1.42.0:
  version "1.42.0"
  resolved "https://registry.yarnpkg.com/mime-db/-/mime-db-1.42.0.tgz#3e252907b4c7adb906597b4b65636272cf9e7bac"
  integrity sha512-UbfJCR4UAVRNgMpfImz05smAXK7+c+ZntjaA26ANtkXLlOe947Aag5zdIcKQULAiF9Cq4WxBi9jUs5zkA84bYQ==

preact@8.5.3:
  version "8.5.3"
  resolved "https://registry.yarnpkg.com/preact/-/preact-8.5.3.tgz#78c2a5562fcecb1fed1d0055fa4ac1e27bde17c1"
  integrity sha512-O3kKP+1YdgqHOFsZF2a9JVdtqD+RPzCQc3rP+Ualf7V6rmRDchZ9MJbiGTT7LuyqFKZqlHSOyO/oMFmI2lVTsw==

text-decoding@^1.0.0:
  version "1.0.0"
  resolved "https://registry.yarnpkg.com/text-decoding/-/text-decoding-1.0.0.tgz#38a5692d23b5c2b12942d6e245599cb58b1bc52f"
  integrity sha512-/0TJD42KDnVwKmDK6jj3xP7E2MG7SHAOG4tyTgyUCRPdHwvkquYNLEQltmdMa3owq3TkddCVcTsoctJI8VQNKA==

typal@^1.24.19:
  version "1.24.19"
  resolved "https://registry.yarnpkg.com/typal/-/typal-1.24.19.tgz#b77d62a25cf65bfbb13808d3939a571c8a65a8f4"
  integrity sha512-LAdurZ+1RxVKXkxGR9qr+CM7b5DfQ+HB7zk1dBd2YVL3mcCS+s0K5k/5plxM3NMPcmjQi12nz2woWxoQp9nnbQ==

yarn-s@1.2.1:
  version "1.2.1"
  resolved "https://registry.yarnpkg.com/yarn-s/-/yarn-s-1.2.1.tgz#3749ffbbb1ba1b0d40db07d81d4bb536cc635c3f"
  integrity sha512-9qnU+hBV/mDJHB//1psEH786C1LEdr8AdXhMMiSh26io0GW0tHy4DEhstgaWlR8gzKF8FMgpoYsDtQdtSAY+8Q==

zoroaster@^4.1.2:
  version "4.1.2"
  resolved "https://registry.yarnpkg.com/zoroaster/-/zoroaster-4.1.2.tgz#89e033cdeebf75564713436bd7e72af926e800fb"
  integrity sha512-mE5RlV12h5bEZ4LBX0NsR5NEwNicLR6kdwXMijWD8vH+8JmbtXuC664ndzsw46lnhmn2VWlafyBi5k/MMCmftA==
  dependencies:
    "@zoroaster/assert" "^1.0.2"
    "@zoroaster/mask" "^2.2.0"
    alamode "^3.0.0"
